// !$*UTF8*$!
{
	archiveVersion = 1;
	classes = {
	};
	objectVersion = 46;
	objects = {

/* Begin PBXBuildFile section */
		1312CA111C0AE12D004F35FD /* User.swift in Sources */ = {isa = PBXBuildFile; fileRef = 1312CA101C0AE12D004F35FD /* User.swift */; };
		134716751BF9B1C1007321E5 /* SwipeView.swift in Sources */ = {isa = PBXBuildFile; fileRef = 134716741BF9B1C1007321E5 /* SwipeView.swift */; };
		135CE6C11C06DD4700E5EB05 /* AudioToolbox.framework in Frameworks */ = {isa = PBXBuildFile; fileRef = 135CE6C01C06DD4700E5EB05 /* AudioToolbox.framework */; };
		135CE6C31C06DD4F00E5EB05 /* CFNetwork.framework in Frameworks */ = {isa = PBXBuildFile; fileRef = 135CE6C21C06DD4F00E5EB05 /* CFNetwork.framework */; };
		135CE6C51C06DD5600E5EB05 /* CoreGraphics.framework in Frameworks */ = {isa = PBXBuildFile; fileRef = 135CE6C41C06DD5600E5EB05 /* CoreGraphics.framework */; };
		135CE6C71C06DD5C00E5EB05 /* CoreLocation.framework in Frameworks */ = {isa = PBXBuildFile; fileRef = 135CE6C61C06DD5C00E5EB05 /* CoreLocation.framework */; };
		135CE6C91C06DD6400E5EB05 /* QuartzCore.framework in Frameworks */ = {isa = PBXBuildFile; fileRef = 135CE6C81C06DD6400E5EB05 /* QuartzCore.framework */; };
		135CE6CB1C06DD6900E5EB05 /* Security.framework in Frameworks */ = {isa = PBXBuildFile; fileRef = 135CE6CA1C06DD6900E5EB05 /* Security.framework */; };
		135CE6CD1C06DD7000E5EB05 /* StoreKit.framework in Frameworks */ = {isa = PBXBuildFile; fileRef = 135CE6CC1C06DD7000E5EB05 /* StoreKit.framework */; };
		135CE6CF1C06DD7A00E5EB05 /* SystemConfiguration.framework in Frameworks */ = {isa = PBXBuildFile; fileRef = 135CE6CE1C06DD7A00E5EB05 /* SystemConfiguration.framework */; };
		135CE6D11C06DD8100E5EB05 /* libz.tbd in Frameworks */ = {isa = PBXBuildFile; fileRef = 135CE6D01C06DD8100E5EB05 /* libz.tbd */; };
		135CE6D31C06DD8A00E5EB05 /* libsqlite3.tbd in Frameworks */ = {isa = PBXBuildFile; fileRef = 135CE6D21C06DD8A00E5EB05 /* libsqlite3.tbd */; };
		135CE6D51C06DE1900E5EB05 /* ParseFacebookUtils.framework in Frameworks */ = {isa = PBXBuildFile; fileRef = 135CE6D41C06DE1900E5EB05 /* ParseFacebookUtils.framework */; };
		135CE6D81C06DE3F00E5EB05 /* Bolts.framework in Frameworks */ = {isa = PBXBuildFile; fileRef = 135CE6D61C06DE3F00E5EB05 /* Bolts.framework */; };
		135CE6D91C06DE3F00E5EB05 /* Parse.framework in Frameworks */ = {isa = PBXBuildFile; fileRef = 135CE6D71C06DE3F00E5EB05 /* Parse.framework */; };
		139071971C2E579400EA96B8 /* MatchesTableViewController.swift in Sources */ = {isa = PBXBuildFile; fileRef = 139071961C2E579400EA96B8 /* MatchesTableViewController.swift */; };
		139C4A561C27E24F003FDB14 /* Match.swift in Sources */ = {isa = PBXBuildFile; fileRef = 139C4A551C27E24F003FDB14 /* Match.swift */; };
		139C4A581C27EC67003FDB14 /* MobileCoreServices.framework in Frameworks */ = {isa = PBXBuildFile; fileRef = 139C4A571C27EC67003FDB14 /* MobileCoreServices.framework */; };
		13A77E9B1BF85196002B35E8 /* AppDelegate.swift in Sources */ = {isa = PBXBuildFile; fileRef = 13A77E9A1BF85196002B35E8 /* AppDelegate.swift */; };
		13A77E9E1BF85196002B35E8 /* DateMatch.xcdatamodeld in Sources */ = {isa = PBXBuildFile; fileRef = 13A77E9C1BF85196002B35E8 /* DateMatch.xcdatamodeld */; };
		13A77EA01BF85196002B35E8 /* ViewController.swift in Sources */ = {isa = PBXBuildFile; fileRef = 13A77E9F1BF85196002B35E8 /* ViewController.swift */; };
		13A77EA51BF85196002B35E8 /* Images.xcassets in Resources */ = {isa = PBXBuildFile; fileRef = 13A77EA41BF85196002B35E8 /* Images.xcassets */; };
		13BD81131C0BA70100BB1B64 /* ProfileViewController.swift in Sources */ = {isa = PBXBuildFile; fileRef = 13BD81121C0BA70100BB1B64 /* ProfileViewController.swift */; };
		13C5155D1C2E582E003C471F /* ChatViewController.swift in Sources */ = {isa = PBXBuildFile; fileRef = 13C5155C1C2E582E003C471F /* ChatViewController.swift */; };
		13C5155F1C2E5846003C471F /* CardsViewController.swift in Sources */ = {isa = PBXBuildFile; fileRef = 13C5155E1C2E5846003C471F /* CardsViewController.swift */; };
		13C515611C2E5881003C471F /* UserCell.swift in Sources */ = {isa = PBXBuildFile; fileRef = 13C515601C2E5881003C471F /* UserCell.swift */; };
		13C515631C2E589D003C471F /* CardView.swift in Sources */ = {isa = PBXBuildFile; fileRef = 13C515621C2E589D003C471F /* CardView.swift */; };
		13E2A8F31C08FBD80000602F /* LogInViewController.swift in Sources */ = {isa = PBXBuildFile; fileRef = 13E2A8F21C08FBD80000602F /* LogInViewController.swift */; };
		603DF2D4045250FC6A6C5E57 /* libPods.a in Frameworks */ = {isa = PBXBuildFile; fileRef = FD15DB47B378745A583EBDA7 /* libPods.a */; };
/* End PBXBuildFile section */

/* Begin PBXFileReference section */
		1312CA101C0AE12D004F35FD /* User.swift */ = {isa = PBXFileReference; fileEncoding = 4; lastKnownFileType = sourcecode.swift; path = User.swift; sourceTree = "<group>"; };
		134716741BF9B1C1007321E5 /* SwipeView.swift */ = {isa = PBXFileReference; fileEncoding = 4; lastKnownFileType = sourcecode.swift; path = SwipeView.swift; sourceTree = "<group>"; };
		135CE6C01C06DD4700E5EB05 /* AudioToolbox.framework */ = {isa = PBXFileReference; lastKnownFileType = wrapper.framework; name = AudioToolbox.framework; path = System/Library/Frameworks/AudioToolbox.framework; sourceTree = SDKROOT; };
		135CE6C21C06DD4F00E5EB05 /* CFNetwork.framework */ = {isa = PBXFileReference; lastKnownFileType = wrapper.framework; name = CFNetwork.framework; path = System/Library/Frameworks/CFNetwork.framework; sourceTree = SDKROOT; };
		135CE6C41C06DD5600E5EB05 /* CoreGraphics.framework */ = {isa = PBXFileReference; lastKnownFileType = wrapper.framework; name = CoreGraphics.framework; path = System/Library/Frameworks/CoreGraphics.framework; sourceTree = SDKROOT; };
		135CE6C61C06DD5C00E5EB05 /* CoreLocation.framework */ = {isa = PBXFileReference; lastKnownFileType = wrapper.framework; name = CoreLocation.framework; path = System/Library/Frameworks/CoreLocation.framework; sourceTree = SDKROOT; };
		135CE6C81C06DD6400E5EB05 /* QuartzCore.framework */ = {isa = PBXFileReference; lastKnownFileType = wrapper.framework; name = QuartzCore.framework; path = System/Library/Frameworks/QuartzCore.framework; sourceTree = SDKROOT; };
		135CE6CA1C06DD6900E5EB05 /* Security.framework */ = {isa = PBXFileReference; lastKnownFileType = wrapper.framework; name = Security.framework; path = System/Library/Frameworks/Security.framework; sourceTree = SDKROOT; };
		135CE6CC1C06DD7000E5EB05 /* StoreKit.framework */ = {isa = PBXFileReference; lastKnownFileType = wrapper.framework; name = StoreKit.framework; path = System/Library/Frameworks/StoreKit.framework; sourceTree = SDKROOT; };
		135CE6CE1C06DD7A00E5EB05 /* SystemConfiguration.framework */ = {isa = PBXFileReference; lastKnownFileType = wrapper.framework; name = SystemConfiguration.framework; path = System/Library/Frameworks/SystemConfiguration.framework; sourceTree = SDKROOT; };
		135CE6D01C06DD8100E5EB05 /* libz.tbd */ = {isa = PBXFileReference; lastKnownFileType = "sourcecode.text-based-dylib-definition"; name = libz.tbd; path = usr/lib/libz.tbd; sourceTree = SDKROOT; };
		135CE6D21C06DD8A00E5EB05 /* libsqlite3.tbd */ = {isa = PBXFileReference; lastKnownFileType = "sourcecode.text-based-dylib-definition"; name = libsqlite3.tbd; path = usr/lib/libsqlite3.tbd; sourceTree = SDKROOT; };
		135CE6D41C06DE1900E5EB05 /* ParseFacebookUtils.framework */ = {isa = PBXFileReference; lastKnownFileType = wrapper.framework; path = ParseFacebookUtils.framework; sourceTree = "<group>"; };
		135CE6D61C06DE3F00E5EB05 /* Bolts.framework */ = {isa = PBXFileReference; lastKnownFileType = wrapper.framework; path = Bolts.framework; sourceTree = "<group>"; };
		135CE6D71C06DE3F00E5EB05 /* Parse.framework */ = {isa = PBXFileReference; lastKnownFileType = wrapper.framework; path = Parse.framework; sourceTree = "<group>"; };
		139071961C2E579400EA96B8 /* MatchesTableViewController.swift */ = {isa = PBXFileReference; fileEncoding = 4; lastKnownFileType = sourcecode.swift; name = MatchesTableViewController.swift; path = DateMatch/MatchesTableViewController.swift; sourceTree = "<group>"; };
		139C4A551C27E24F003FDB14 /* Match.swift */ = {isa = PBXFileReference; fileEncoding = 4; lastKnownFileType = sourcecode.swift; path = Match.swift; sourceTree = "<group>"; };
		139C4A571C27EC67003FDB14 /* MobileCoreServices.framework */ = {isa = PBXFileReference; lastKnownFileType = wrapper.framework; path = MobileCoreServices.framework; sourceTree = "<group>"; };
		13A77E951BF85196002B35E8 /* DateMatch.app */ = {isa = PBXFileReference; explicitFileType = wrapper.application; includeInIndex = 0; path = DateMatch.app; sourceTree = BUILT_PRODUCTS_DIR; };
		13A77E991BF85196002B35E8 /* Info.plist */ = {isa = PBXFileReference; lastKnownFileType = text.plist.xml; path = Info.plist; sourceTree = "<group>"; };
		13A77E9A1BF85196002B35E8 /* AppDelegate.swift */ = {isa = PBXFileReference; lastKnownFileType = sourcecode.swift; path = AppDelegate.swift; sourceTree = "<group>"; };
		13A77E9D1BF85196002B35E8 /* DateMatch.xcdatamodel */ = {isa = PBXFileReference; lastKnownFileType = wrapper.xcdatamodel; path = DateMatch.xcdatamodel; sourceTree = "<group>"; };
		13A77E9F1BF85196002B35E8 /* ViewController.swift */ = {isa = PBXFileReference; lastKnownFileType = sourcecode.swift; name = ViewController.swift; path = DateMatch/ViewController.swift; sourceTree = "<group>"; };
		13A77EA21BF85196002B35E8 /* Base */ = {isa = PBXFileReference; lastKnownFileType = file.storyboard; name = Base; path = Base.lproj/Main.storyboard; sourceTree = "<group>"; };
		13A77EA41BF85196002B35E8 /* Images.xcassets */ = {isa = PBXFileReference; lastKnownFileType = folder.assetcatalog; path = Images.xcassets; sourceTree = "<group>"; };
		13A77EA71BF85196002B35E8 /* Base */ = {isa = PBXFileReference; lastKnownFileType = file.xib; name = Base; path = Base.lproj/LaunchScreen.xib; sourceTree = "<group>"; };
		13A77EB21BF85196002B35E8 /* Info.plist */ = {isa = PBXFileReference; lastKnownFileType = text.plist.xml; path = Info.plist; sourceTree = "<group>"; };
		13A77EB31BF85196002B35E8 /* DateMatchTests.swift */ = {isa = PBXFileReference; lastKnownFileType = sourcecode.swift; path = DateMatchTests.swift; sourceTree = "<group>"; };
		13BD81121C0BA70100BB1B64 /* ProfileViewController.swift */ = {isa = PBXFileReference; fileEncoding = 4; lastKnownFileType = sourcecode.swift; name = ProfileViewController.swift; path = DateMatch/ProfileViewController.swift; sourceTree = "<group>"; };
		13C5155C1C2E582E003C471F /* ChatViewController.swift */ = {isa = PBXFileReference; fileEncoding = 4; lastKnownFileType = sourcecode.swift; name = ChatViewController.swift; path = DateMatch/ChatViewController.swift; sourceTree = "<group>"; };
		13C5155E1C2E5846003C471F /* CardsViewController.swift */ = {isa = PBXFileReference; fileEncoding = 4; lastKnownFileType = sourcecode.swift; name = CardsViewController.swift; path = DateMatch/CardsViewController.swift; sourceTree = "<group>"; };
		13C515601C2E5881003C471F /* UserCell.swift */ = {isa = PBXFileReference; fileEncoding = 4; lastKnownFileType = sourcecode.swift; path = UserCell.swift; sourceTree = "<group>"; };
		13C515621C2E589D003C471F /* CardView.swift */ = {isa = PBXFileReference; fileEncoding = 4; lastKnownFileType = sourcecode.swift; name = CardView.swift; path = DateMatch/CardView.swift; sourceTree = "<group>"; };
		13C515641C2E6936003C471F /* Bridging-Header.h */ = {isa = PBXFileReference; lastKnownFileType = sourcecode.c.h; name = "Bridging-Header.h"; path = "../Bridging-Header.h"; sourceTree = "<group>"; };
		13E2A8F21C08FBD80000602F /* LogInViewController.swift */ = {isa = PBXFileReference; fileEncoding = 4; lastKnownFileType = sourcecode.swift; path = LogInViewController.swift; sourceTree = "<group>"; };
		A1223429B8B310BA12481E60 /* Pods.debug.xcconfig */ = {isa = PBXFileReference; includeInIndex = 1; lastKnownFileType = text.xcconfig; name = Pods.debug.xcconfig; path = "Pods/Target Support Files/Pods/Pods.debug.xcconfig"; sourceTree = "<group>"; };
		CA07DECD7BA2A2A53FF77CF9 /* Pods.release.xcconfig */ = {isa = PBXFileReference; includeInIndex = 1; lastKnownFileType = text.xcconfig; name = Pods.release.xcconfig; path = "Pods/Target Support Files/Pods/Pods.release.xcconfig"; sourceTree = "<group>"; };
		FD15DB47B378745A583EBDA7 /* libPods.a */ = {isa = PBXFileReference; explicitFileType = archive.ar; includeInIndex = 0; path = libPods.a; sourceTree = BUILT_PRODUCTS_DIR; };
/* End PBXFileReference section */

/* Begin PBXFrameworksBuildPhase section */
		13A77E921BF85196002B35E8 /* Frameworks */ = {
			isa = PBXFrameworksBuildPhase;
			buildActionMask = 2147483647;
			files = (
				135CE6D31C06DD8A00E5EB05 /* libsqlite3.tbd in Frameworks */,
				135CE6D11C06DD8100E5EB05 /* libz.tbd in Frameworks */,
				135CE6CF1C06DD7A00E5EB05 /* SystemConfiguration.framework in Frameworks */,
				139C4A581C27EC67003FDB14 /* MobileCoreServices.framework in Frameworks */,
				135CE6D81C06DE3F00E5EB05 /* Bolts.framework in Frameworks */,
				135CE6CD1C06DD7000E5EB05 /* StoreKit.framework in Frameworks */,
				135CE6CB1C06DD6900E5EB05 /* Security.framework in Frameworks */,
				135CE6D91C06DE3F00E5EB05 /* Parse.framework in Frameworks */,
				135CE6C91C06DD6400E5EB05 /* QuartzCore.framework in Frameworks */,
				135CE6C71C06DD5C00E5EB05 /* CoreLocation.framework in Frameworks */,
				135CE6C51C06DD5600E5EB05 /* CoreGraphics.framework in Frameworks */,
				135CE6C31C06DD4F00E5EB05 /* CFNetwork.framework in Frameworks */,
				135CE6C11C06DD4700E5EB05 /* AudioToolbox.framework in Frameworks */,
				135CE6D51C06DE1900E5EB05 /* ParseFacebookUtils.framework in Frameworks */,
				603DF2D4045250FC6A6C5E57 /* libPods.a in Frameworks */,
			);
			runOnlyForDeploymentPostprocessing = 0;
		};
/* End PBXFrameworksBuildPhase section */

/* Begin PBXGroup section */
		1312CA0F1C0AE0F2004F35FD /* Data */ = {
			isa = PBXGroup;
			children = (
				1312CA101C0AE12D004F35FD /* User.swift */,
				139C4A551C27E24F003FDB14 /* Match.swift */,
			);
			name = Data;
			sourceTree = "<group>";
		};
		134716711BF93307007321E5 /* Views */ = {
			isa = PBXGroup;
			children = (
				13C515601C2E5881003C471F /* UserCell.swift */,
				13C515621C2E589D003C471F /* CardView.swift */,
				134716741BF9B1C1007321E5 /* SwipeView.swift */,
			);
			name = Views;
			path = ..;
			sourceTree = "<group>";
		};
		134716761BFBFC56007321E5 /* ViewControllers */ = {
			isa = PBXGroup;
			children = (
				13C5155C1C2E582E003C471F /* ChatViewController.swift */,
				139071961C2E579400EA96B8 /* MatchesTableViewController.swift */,
				13A77E9F1BF85196002B35E8 /* ViewController.swift */,
				13C5155E1C2E5846003C471F /* CardsViewController.swift */,
				13E2A8F21C08FBD80000602F /* LogInViewController.swift */,
				13BD81121C0BA70100BB1B64 /* ProfileViewController.swift */,
			);
			name = ViewControllers;
			path = ..;
			sourceTree = "<group>";
		};
		135CE6BB1C06DCE500E5EB05 /* Frameworks */ = {
			isa = PBXGroup;
			children = (
				139C4A571C27EC67003FDB14 /* MobileCoreServices.framework */,
				135CE6D61C06DE3F00E5EB05 /* Bolts.framework */,
				135CE6D71C06DE3F00E5EB05 /* Parse.framework */,
				135CE6D41C06DE1900E5EB05 /* ParseFacebookUtils.framework */,
				135CE6CE1C06DD7A00E5EB05 /* SystemConfiguration.framework */,
				135CE6CC1C06DD7000E5EB05 /* StoreKit.framework */,
				135CE6CA1C06DD6900E5EB05 /* Security.framework */,
				135CE6C81C06DD6400E5EB05 /* QuartzCore.framework */,
				135CE6C61C06DD5C00E5EB05 /* CoreLocation.framework */,
				135CE6C41C06DD5600E5EB05 /* CoreGraphics.framework */,
				135CE6C21C06DD4F00E5EB05 /* CFNetwork.framework */,
				135CE6C01C06DD4700E5EB05 /* AudioToolbox.framework */,
			);
			name = Frameworks;
			path = ..;
			sourceTree = "<group>";
		};
		13A77E8C1BF85196002B35E8 = {
			isa = PBXGroup;
			children = (
				13A77E971BF85196002B35E8 /* DateMatch */,
				13A77EB01BF85196002B35E8 /* DateMatchTests */,
				13A77E961BF85196002B35E8 /* Products */,
				8C828724A88A8CBAD5C76ED8 /* Pods */,
				5C40ABE2CE4C10ED1D0D6A05 /* Frameworks */,
			);
			sourceTree = "<group>";
		};
		13A77E961BF85196002B35E8 /* Products */ = {
			isa = PBXGroup;
			children = (
				13A77E951BF85196002B35E8 /* DateMatch.app */,
			);
			name = Products;
			sourceTree = "<group>";
		};
		13A77E971BF85196002B35E8 /* DateMatch */ = {
			isa = PBXGroup;
			children = (
				13A77E9A1BF85196002B35E8 /* AppDelegate.swift */,
				135CE6D21C06DD8A00E5EB05 /* libsqlite3.tbd */,
				135CE6D01C06DD8100E5EB05 /* libz.tbd */,
				135CE6BB1C06DCE500E5EB05 /* Frameworks */,
				134716761BFBFC56007321E5 /* ViewControllers */,
				134716711BF93307007321E5 /* Views */,
				1312CA0F1C0AE0F2004F35FD /* Data */,
				13A77EA11BF85196002B35E8 /* Main.storyboard */,
				13A77EA41BF85196002B35E8 /* Images.xcassets */,
				13A77EA61BF85196002B35E8 /* LaunchScreen.xib */,
				13A77E9C1BF85196002B35E8 /* DateMatch.xcdatamodeld */,
				13A77E981BF85196002B35E8 /* Supporting Files */,
			);
			path = DateMatch;
			sourceTree = "<group>";
		};
		13A77E981BF85196002B35E8 /* Supporting Files */ = {
			isa = PBXGroup;
			children = (
				13C515641C2E6936003C471F /* Bridging-Header.h */,
				13A77E991BF85196002B35E8 /* Info.plist */,
			);
			name = "Supporting Files";
			sourceTree = "<group>";
		};
		13A77EB01BF85196002B35E8 /* DateMatchTests */ = {
			isa = PBXGroup;
			children = (
				13A77EB31BF85196002B35E8 /* DateMatchTests.swift */,
				13A77EB11BF85196002B35E8 /* Supporting Files */,
			);
			path = DateMatchTests;
			sourceTree = "<group>";
		};
		13A77EB11BF85196002B35E8 /* Supporting Files */ = {
			isa = PBXGroup;
			children = (
				13A77EB21BF85196002B35E8 /* Info.plist */,
			);
			name = "Supporting Files";
			sourceTree = "<group>";
		};
		5C40ABE2CE4C10ED1D0D6A05 /* Frameworks */ = {
			isa = PBXGroup;
			children = (
				FD15DB47B378745A583EBDA7 /* libPods.a */,
			);
			name = Frameworks;
			sourceTree = "<group>";
		};
		8C828724A88A8CBAD5C76ED8 /* Pods */ = {
			isa = PBXGroup;
			children = (
				A1223429B8B310BA12481E60 /* Pods.debug.xcconfig */,
				CA07DECD7BA2A2A53FF77CF9 /* Pods.release.xcconfig */,
			);
			name = Pods;
			sourceTree = "<group>";
		};
/* End PBXGroup section */

/* Begin PBXNativeTarget section */
		13A77E941BF85196002B35E8 /* DateMatch */ = {
			isa = PBXNativeTarget;
			buildConfigurationList = 13A77EB71BF85196002B35E8 /* Build configuration list for PBXNativeTarget "DateMatch" */;
			buildPhases = (
				C7BB5642B9910C03B9089A38 /* Check Pods Manifest.lock */,
				13A77E911BF85196002B35E8 /* Sources */,
				13A77E921BF85196002B35E8 /* Frameworks */,
				13A77E931BF85196002B35E8 /* Resources */,
				0126081428195F5239C85BCE /* Embed Pods Frameworks */,
				AF1A8E0F0F8C8CFEB5A975C9 /* Copy Pods Resources */,
			);
			buildRules = (
			);
			dependencies = (
			);
			name = DateMatch;
			productName = DateMatch;
			productReference = 13A77E951BF85196002B35E8 /* DateMatch.app */;
			productType = "com.apple.product-type.application";
		};
/* End PBXNativeTarget section */

/* Begin PBXProject section */
		13A77E8D1BF85196002B35E8 /* Project object */ = {
			isa = PBXProject;
			attributes = {
				LastSwiftUpdateCheck = 0710;
				LastUpgradeCheck = 0620;
				ORGANIZATIONNAME = self.swift;
				TargetAttributes = {
					13A77E941BF85196002B35E8 = {
						CreatedOnToolsVersion = 6.2;
						DevelopmentTeam = 6EJU6X2H29;
					};
				};
			};
			buildConfigurationList = 13A77E901BF85196002B35E8 /* Build configuration list for PBXProject "DateMatch" */;
			compatibilityVersion = "Xcode 3.2";
			developmentRegion = English;
			hasScannedForEncodings = 0;
			knownRegions = (
				en,
				Base,
			);
			mainGroup = 13A77E8C1BF85196002B35E8;
			productRefGroup = 13A77E961BF85196002B35E8 /* Products */;
			projectDirPath = "";
			projectRoot = "";
			targets = (
				13A77E941BF85196002B35E8 /* DateMatch */,
			);
		};
/* End PBXProject section */

/* Begin PBXResourcesBuildPhase section */
		13A77E931BF85196002B35E8 /* Resources */ = {
			isa = PBXResourcesBuildPhase;
			buildActionMask = 2147483647;
			files = (
				13A77EA51BF85196002B35E8 /* Images.xcassets in Resources */,
			);
			runOnlyForDeploymentPostprocessing = 0;
		};
/* End PBXResourcesBuildPhase section */

/* Begin PBXShellScriptBuildPhase section */
		0126081428195F5239C85BCE /* Embed Pods Frameworks */ = {
			isa = PBXShellScriptBuildPhase;
			buildActionMask = 2147483647;
			files = (
			);
			inputPaths = (
			);
			name = "Embed Pods Frameworks";
			outputPaths = (
			);
			runOnlyForDeploymentPostprocessing = 0;
			shellPath = /bin/sh;
			shellScript = "\"${SRCROOT}/Pods/Target Support Files/Pods/Pods-frameworks.sh\"\n";
			showEnvVarsInLog = 0;
		};
		AF1A8E0F0F8C8CFEB5A975C9 /* Copy Pods Resources */ = {
			isa = PBXShellScriptBuildPhase;
			buildActionMask = 2147483647;
			files = (
			);
			inputPaths = (
			);
			name = "Copy Pods Resources";
			outputPaths = (
			);
			runOnlyForDeploymentPostprocessing = 0;
			shellPath = /bin/sh;
			shellScript = "\"${SRCROOT}/Pods/Target Support Files/Pods/Pods-resources.sh\"\n";
			showEnvVarsInLog = 0;
		};
		C7BB5642B9910C03B9089A38 /* Check Pods Manifest.lock */ = {
			isa = PBXShellScriptBuildPhase;
			buildActionMask = 2147483647;
			files = (
			);
			inputPaths = (
			);
			name = "Check Pods Manifest.lock";
			outputPaths = (
			);
			runOnlyForDeploymentPostprocessing = 0;
			shellPath = /bin/sh;
			shellScript = "diff \"${PODS_ROOT}/../Podfile.lock\" \"${PODS_ROOT}/Manifest.lock\" > /dev/null\nif [[ $? != 0 ]] ; then\n    cat << EOM\nerror: The sandbox is not in sync with the Podfile.lock. Run 'pod install' or update your CocoaPods installation.\nEOM\n    exit 1\nfi\n";
			showEnvVarsInLog = 0;
		};
/* End PBXShellScriptBuildPhase section */

/* Begin PBXSourcesBuildPhase section */
		13A77E911BF85196002B35E8 /* Sources */ = {
			isa = PBXSourcesBuildPhase;
			buildActionMask = 2147483647;
			files = (
				13C515631C2E589D003C471F /* CardView.swift in Sources */,
				139071971C2E579400EA96B8 /* MatchesTableViewController.swift in Sources */,
				13C515611C2E5881003C471F /* UserCell.swift in Sources */,
				13A77EA01BF85196002B35E8 /* ViewController.swift in Sources */,
				13A77E9B1BF85196002B35E8 /* AppDelegate.swift in Sources */,
				139C4A561C27E24F003FDB14 /* Match.swift in Sources */,
				13E2A8F31C08FBD80000602F /* LogInViewController.swift in Sources */,
				1312CA111C0AE12D004F35FD /* User.swift in Sources */,
				13C5155F1C2E5846003C471F /* CardsViewController.swift in Sources */,
				13BD81131C0BA70100BB1B64 /* ProfileViewController.swift in Sources */,
				134716751BF9B1C1007321E5 /* SwipeView.swift in Sources */,
				13C5155D1C2E582E003C471F /* ChatViewController.swift in Sources */,
				13A77E9E1BF85196002B35E8 /* DateMatch.xcdatamodeld in Sources */,
			);
			runOnlyForDeploymentPostprocessing = 0;
		};
/* End PBXSourcesBuildPhase section */

/* Begin PBXVariantGroup section */
		13A77EA11BF85196002B35E8 /* Main.storyboard */ = {
			isa = PBXVariantGroup;
			children = (
				13A77EA21BF85196002B35E8 /* Base */,
			);
			name = Main.storyboard;
			sourceTree = "<group>";
		};
		13A77EA61BF85196002B35E8 /* LaunchScreen.xib */ = {
			isa = PBXVariantGroup;
			children = (
				13A77EA71BF85196002B35E8 /* Base */,
			);
			name = LaunchScreen.xib;
			sourceTree = "<group>";
		};
/* End PBXVariantGroup section */

/* Begin XCBuildConfiguration section */
		13A77EB51BF85196002B35E8 /* Debug */ = {
			isa = XCBuildConfiguration;
			buildSettings = {
				ALWAYS_SEARCH_USER_PATHS = NO;
				CLANG_CXX_LANGUAGE_STANDARD = "gnu++0x";
				CLANG_CXX_LIBRARY = "libc++";
				CLANG_ENABLE_MODULES = YES;
				CLANG_ENABLE_OBJC_ARC = YES;
				CLANG_WARN_BOOL_CONVERSION = YES;
				CLANG_WARN_CONSTANT_CONVERSION = YES;
				CLANG_WARN_DIRECT_OBJC_ISA_USAGE = YES_ERROR;
				CLANG_WARN_EMPTY_BODY = YES;
				CLANG_WARN_ENUM_CONVERSION = YES;
				CLANG_WARN_INT_CONVERSION = YES;
				CLANG_WARN_OBJC_ROOT_CLASS = YES_ERROR;
				CLANG_WARN_UNREACHABLE_CODE = YES;
				CLANG_WARN__DUPLICATE_METHOD_MATCH = YES;
				"CODE_SIGN_IDENTITY[sdk=iphoneos*]" = "iPhone Developer";
				COPY_PHASE_STRIP = NO;
				ENABLE_STRICT_OBJC_MSGSEND = YES;
				GCC_C_LANGUAGE_STANDARD = gnu99;
				GCC_DYNAMIC_NO_PIC = NO;
				GCC_OPTIMIZATION_LEVEL = 0;
				GCC_PREPROCESSOR_DEFINITIONS = (
					"DEBUG=1",
					"$(inherited)",
				);
				GCC_SYMBOLS_PRIVATE_EXTERN = NO;
				GCC_WARN_64_TO_32_BIT_CONVERSION = YES;
				GCC_WARN_ABOUT_RETURN_TYPE = YES_ERROR;
				GCC_WARN_UNDECLARED_SELECTOR = YES;
				GCC_WARN_UNINITIALIZED_AUTOS = YES_AGGRESSIVE;
				GCC_WARN_UNUSED_FUNCTION = YES;
				GCC_WARN_UNUSED_VARIABLE = YES;
				IPHONEOS_DEPLOYMENT_TARGET = 8.2;
				MTL_ENABLE_DEBUG_INFO = YES;
				ONLY_ACTIVE_ARCH = YES;
				SDKROOT = iphoneos;
				SWIFT_OPTIMIZATION_LEVEL = "-Onone";
				TARGETED_DEVICE_FAMILY = "1,2";
			};
			name = Debug;
		};
		13A77EB61BF85196002B35E8 /* Release */ = {
			isa = XCBuildConfiguration;
			buildSettings = {
				ALWAYS_SEARCH_USER_PATHS = NO;
				CLANG_CXX_LANGUAGE_STANDARD = "gnu++0x";
				CLANG_CXX_LIBRARY = "libc++";
				CLANG_ENABLE_MODULES = YES;
				CLANG_ENABLE_OBJC_ARC = YES;
				CLANG_WARN_BOOL_CONVERSION = YES;
				CLANG_WARN_CONSTANT_CONVERSION = YES;
				CLANG_WARN_DIRECT_OBJC_ISA_USAGE = YES_ERROR;
				CLANG_WARN_EMPTY_BODY = YES;
				CLANG_WARN_ENUM_CONVERSION = YES;
				CLANG_WARN_INT_CONVERSION = YES;
				CLANG_WARN_OBJC_ROOT_CLASS = YES_ERROR;
				CLANG_WARN_UNREACHABLE_CODE = YES;
				CLANG_WARN__DUPLICATE_METHOD_MATCH = YES;
				"CODE_SIGN_IDENTITY[sdk=iphoneos*]" = "iPhone Developer";
				COPY_PHASE_STRIP = NO;
				ENABLE_NS_ASSERTIONS = NO;
				ENABLE_STRICT_OBJC_MSGSEND = YES;
				GCC_C_LANGUAGE_STANDARD = gnu99;
				GCC_WARN_64_TO_32_BIT_CONVERSION = YES;
				GCC_WARN_ABOUT_RETURN_TYPE = YES_ERROR;
				GCC_WARN_UNDECLARED_SELECTOR = YES;
				GCC_WARN_UNINITIALIZED_AUTOS = YES_AGGRESSIVE;
				GCC_WARN_UNUSED_FUNCTION = YES;
				GCC_WARN_UNUSED_VARIABLE = YES;
				IPHONEOS_DEPLOYMENT_TARGET = 8.2;
				MTL_ENABLE_DEBUG_INFO = NO;
				SDKROOT = iphoneos;
				TARGETED_DEVICE_FAMILY = "1,2";
				VALIDATE_PRODUCT = YES;
			};
			name = Release;
		};
		13A77EB81BF85196002B35E8 /* Debug */ = {
			isa = XCBuildConfiguration;
			baseConfigurationReference = A1223429B8B310BA12481E60 /* Pods.debug.xcconfig */;
			buildSettings = {
				ASSETCATALOG_COMPILER_APPICON_NAME = AppIcon;
				CODE_SIGN_IDENTITY = "iPhone Developer";
				"CODE_SIGN_IDENTITY[sdk=iphoneos*]" = "iPhone Developer";
				FRAMEWORK_SEARCH_PATHS = (
					"$(inherited)",
					"$(PROJECT_DIR)/DateMatch",
					"$(PROJECT_DIR)",
				);
				INFOPLIST_FILE = DateMatch/Info.plist;
				LD_RUNPATH_SEARCH_PATHS = "$(inherited) @executable_path/Frameworks";
				PRODUCT_NAME = "$(TARGET_NAME)";
				PROVISIONING_PROFILE = "";
				SWIFT_OBJC_BRIDGING_HEADER = "DateMatch/Bridging-Header.h";
			};
			name = Debug;
		};
		13A77EB91BF85196002B35E8 /* Release */ = {
			isa = XCBuildConfiguration;
			baseConfigurationReference = CA07DECD7BA2A2A53FF77CF9 /* Pods.release.xcconfig */;
			buildSettings = {
				ASSETCATALOG_COMPILER_APPICON_NAME = AppIcon;
				CODE_SIGN_IDENTITY = "iPhone Developer";
				"CODE_SIGN_IDENTITY[sdk=iphoneos*]" = "iPhone Developer";
				FRAMEWORK_SEARCH_PATHS = (
					"$(inherited)",
					"$(PROJECT_DIR)/DateMatch",
					"$(PROJECT_DIR)",
				);
				INFOPLIST_FILE = DateMatch/Info.plist;
				LD_RUNPATH_SEARCH_PATHS = "$(inherited) @executable_path/Frameworks";
				PRODUCT_NAME = "$(TARGET_NAME)";
				PROVISIONING_PROFILE = "";
				SWIFT_OBJC_BRIDGING_HEADER = "DateMatch/Bridging-Header.h";
			};
			name = Release;
		};
/* End XCBuildConfiguration section */

/* Begin XCConfigurationList section */
		13A77E901BF85196002B35E8 /* Build configuration list for PBXProject "DateMatch" */ = {
			isa = XCConfigurationList;
			buildConfigurations = (
				13A77EB51BF85196002B35E8 /* Debug */,
				13A77EB61BF85196002B35E8 /* Release */,
			);
			defaultConfigurationIsVisible = 0;
			defaultConfigurationName = Release;
		};
		13A77EB71BF85196002B35E8 /* Build configuration list for PBXNativeTarget "DateMatch" */ = {
			isa = XCConfigurationList;
			buildConfigurations = (
				13A77EB81BF85196002B35E8 /* Debug */,
				13A77EB91BF85196002B35E8 /* Release */,
			);
			defaultConfigurationIsVisible = 0;
			defaultConfigurationName = Release;
		};
/* End XCConfigurationList section */

/* Begin XCVersionGroup section */
		13A77E9C1BF85196002B35E8 /* DateMatch.xcdatamodeld */ = {
			isa = XCVersionGroup;
			children = (
				13A77E9D1BF85196002B35E8 /* DateMatch.xcdatamodel */,
			);
			currentVersion = 13A77E9D1BF85196002B35E8 /* DateMatch.xcdatamodel */;
			path = DateMatch.xcdatamodeld;
			sourceTree = "<group>";
			versionGroupType = wrapper.xcdatamodel;
		};
/* End XCVersionGroup section */
	};
	rootObject = 13A77E8D1BF85196002B35E8 /* Project object */;
}
